
Microsoft Visual Studio Solution File, Format Version 12.00
# Visual Studio Version 17
VisualStudioVersion = 17.3.32929.385
MinimumVisualStudioVersion = 10.0.40219.1
Project("{9A19103F-16F7-4668-BE54-9A1E7A4F7556}") = "HelloWord", "HelloWord\HelloWord.csproj", "{FD9C67BE-6BD3-424A-8FF2-DB793C39D2BB}"
EndProject
Project("{FAE04EC0-301F-11D3-BF4B-00C04F79EFBC}") = "Test", "Test\Test.csproj", "{AF258A27-C3C9-4916-98AD-D5CF538175DC}"
EndProject
Global
	GlobalSection(SolutionConfigurationPlatforms) = preSolution
		Debug|Any CPU = Debug|Any CPU
		Release|Any CPU = Release|Any CPU
	EndGlobalSection
	GlobalSection(ProjectConfigurationPlatforms) = postSolution
		{FD9C67BE-6BD3-424A-8FF2-DB793C39D2BB}.Debug|Any CPU.ActiveCfg = Debug|Any CPU
		{FD9C67BE-6BD3-424A-8FF2-DB793C39D2BB}.Debug|Any CPU.Build.0 = Debug|Any CPU
		{FD9C67BE-6BD3-424A-8FF2-DB793C39D2BB}.Release|Any CPU.ActiveCfg = Release|Any CPU
		{FD9C67BE-6BD3-424A-8FF2-DB793C39D2BB}.Release|Any CPU.Build.0 = Release|Any CPU
		{AF258A27-C3C9-4916-98AD-D5CF538175DC}.Debug|Any CPU.ActiveCfg = Debug|Any CPU
		{AF258A27-C3C9-4916-98AD-D5CF538175DC}.Debug|Any CPU.Build.0 = Debug|Any CPU
		{AF258A27-C3C9-4916-98AD-D5CF538175DC}.Release|Any CPU.ActiveCfg = Release|Any CPU
		{AF258A27-C3C9-4916-98AD-D5CF538175DC}.Release|Any CPU.Build.0 = Release|Any CPU
	EndGlobalSection
	GlobalSection(SolutionProperties) = preSolution
		HideSolutionNode = FALSE
	EndGlobalSection
	GlobalSection(ExtensibilityGlobals) = postSolution
		SolutionGuid = {4459D636-0E49-45CD-8C71-147726849F08}
	EndGlobalSection
EndGlobal
